
Microsoft Visual Studio Solution File, Format Version 12.00
# Visual Studio Version 17
VisualStudioVersion = 17.11.35208.52
MinimumVisualStudioVersion = 10.0.40219.1
Project("{9A19103F-16F7-4668-BE54-9A1E7A4F7556}") = "OOP", "OOP\OOP.csproj", "{73F071C5-C805-40F8-A332-F1811DED7FC2}"
EndProject
Global
	GlobalSection(SolutionConfigurationPlatforms) = preSolution
		Debug|Any CPU = Debug|Any CPU
		Release|Any CPU = Release|Any CPU
	EndGlobalSection
	GlobalSection(ProjectConfigurationPlatforms) = postSolution
		{73F071C5-C805-40F8-A332-F1811DED7FC2}.Debug|Any CPU.ActiveCfg = Debug|Any CPU
		{73F071C5-C805-40F8-A332-F1811DED7FC2}.Debug|Any CPU.Build.0 = Debug|Any CPU
		{73F071C5-C805-40F8-A332-F1811DED7FC2}.Release|Any CPU.ActiveCfg = Release|Any CPU
		{73F071C5-C805-40F8-A332-F1811DED7FC2}.Release|Any CPU.Build.0 = Release|Any CPU
	EndGlobalSection
	GlobalSection(SolutionProperties) = preSolution
		HideSolutionNode = FALSE
	EndGlobalSection
	GlobalSection(ExtensibilityGlobals) = postSolution
		SolutionGuid = {3E267EDA-54C4-4695-911F-59BE685DB2C1}
	EndGlobalSection
EndGlobal
